
Microsoft Visual Studio Solution File, Format Version 12.00
# Visual Studio 15
VisualStudioVersion = 15.0.28307.1209
MinimumVisualStudioVersion = 10.0.40219.1
Project("{8BC9CEB8-8B4A-11D0-8D11-00A0C91BC942}") = "Copter-4.0.3_RPLidarS1", "Copter-4.0.3_RPLidarS1.vcxproj", "{C612916A-0FC0-422F-993D-4D132A07D90A}"
EndProject
Global
	GlobalSection(SolutionConfigurationPlatforms) = preSolution
		Debug|x64 = Debug|x64
		Debug|x86 = Debug|x86
		Release|x64 = Release|x64
		Release|x86 = Release|x86
	EndGlobalSection
	GlobalSection(ProjectConfigurationPlatforms) = postSolution
		{C612916A-0FC0-422F-993D-4D132A07D90A}.Debug|x64.ActiveCfg = Debug|x64
		{C612916A-0FC0-422F-993D-4D132A07D90A}.Debug|x64.Build.0 = Debug|x64
		{C612916A-0FC0-422F-993D-4D132A07D90A}.Debug|x86.ActiveCfg = Debug|Win32
		{C612916A-0FC0-422F-993D-4D132A07D90A}.Debug|x86.Build.0 = Debug|Win32
		{C612916A-0FC0-422F-993D-4D132A07D90A}.Release|x64.ActiveCfg = Release|x64
		{C612916A-0FC0-422F-993D-4D132A07D90A}.Release|x64.Build.0 = Release|x64
		{C612916A-0FC0-422F-993D-4D132A07D90A}.Release|x86.ActiveCfg = Release|Win32
		{C612916A-0FC0-422F-993D-4D132A07D90A}.Release|x86.Build.0 = Release|Win32
	EndGlobalSection
	GlobalSection(SolutionProperties) = preSolution
		HideSolutionNode = FALSE
	EndGlobalSection
	GlobalSection(ExtensibilityGlobals) = postSolution
		SolutionGuid = {D7BC92D4-C9A4-4A29-BB8E-0C52775D59A3}
	EndGlobalSection
EndGlobal
