
Microsoft Visual Studio Solution File, Format Version 12.00
# Visual Studio 15
VisualStudioVersion = 15.0.28307.1209
MinimumVisualStudioVersion = 10.0.40219.1
Project("{8BC9CEB8-8B4A-11D0-8D11-00A0C91BC942}") = "Copter-4.0.4_RPLidarS1", "Copter-4.0.4_RPLidarS1\Copter-4.0.4_RPLidarS1.vcxproj", "{56DE32B1-E5BD-458C-840A-ACD2781F2E7E}"
EndProject
Global
	GlobalSection(SolutionConfigurationPlatforms) = preSolution
		Debug|x64 = Debug|x64
		Debug|x86 = Debug|x86
		Release|x64 = Release|x64
		Release|x86 = Release|x86
	EndGlobalSection
	GlobalSection(ProjectConfigurationPlatforms) = postSolution
		{56DE32B1-E5BD-458C-840A-ACD2781F2E7E}.Debug|x64.ActiveCfg = Debug|x64
		{56DE32B1-E5BD-458C-840A-ACD2781F2E7E}.Debug|x64.Build.0 = Debug|x64
		{56DE32B1-E5BD-458C-840A-ACD2781F2E7E}.Debug|x86.ActiveCfg = Debug|Win32
		{56DE32B1-E5BD-458C-840A-ACD2781F2E7E}.Debug|x86.Build.0 = Debug|Win32
		{56DE32B1-E5BD-458C-840A-ACD2781F2E7E}.Release|x64.ActiveCfg = Release|x64
		{56DE32B1-E5BD-458C-840A-ACD2781F2E7E}.Release|x64.Build.0 = Release|x64
		{56DE32B1-E5BD-458C-840A-ACD2781F2E7E}.Release|x86.ActiveCfg = Release|Win32
		{56DE32B1-E5BD-458C-840A-ACD2781F2E7E}.Release|x86.Build.0 = Release|Win32
	EndGlobalSection
	GlobalSection(SolutionProperties) = preSolution
		HideSolutionNode = FALSE
	EndGlobalSection
	GlobalSection(ExtensibilityGlobals) = postSolution
		SolutionGuid = {E12B4F85-5A65-4D4B-B0DF-6C24764CB9B6}
	EndGlobalSection
EndGlobal
