<?xml version="1.0" encoding="utf-8"?>
<Project ToolsVersion="4.0" xmlns="http://schemas.microsoft.com/developer/msbuild/2003">
  <ItemGroup>
    <Filter Include="AP_RangeFinder">
      <UniqueIdentifier>{74b69d73-bf26-4efd-94ab-fbb5d4fb30af}</UniqueIdentifier>
    </Filter>
    <Filter Include="AP_Proximity">
      <UniqueIdentifier>{dbb42b86-55c9-45cc-b52d-5a6182bac18a}</UniqueIdentifier>
    </Filter>
  </ItemGroup>
  <ItemGroup>
    <ClCompile Include="..\libraries\AP_RangeFinder\AP_RangeFinder.cpp">
      <Filter>AP_RangeFinder</Filter>
    </ClCompile>
    <ClCompile Include="..\libraries\AP_RangeFinder\AP_RangeFinder_analog.cpp">
      <Filter>AP_RangeFinder</Filter>
    </ClCompile>
    <ClCompile Include="..\libraries\AP_RangeFinder\AP_RangeFinder_Backend.cpp">
      <Filter>AP_RangeFinder</Filter>
    </ClCompile>
    <ClCompile Include="..\libraries\AP_RangeFinder\AP_RangeFinder_Backend_Serial.cpp">
      <Filter>AP_RangeFinder</Filter>
    </ClCompile>
    <ClCompile Include="..\libraries\AP_RangeFinder\AP_RangeFinder_BBB_PRU.cpp">
      <Filter>AP_RangeFinder</Filter>
    </ClCompile>
    <ClCompile Include="..\libraries\AP_RangeFinder\AP_RangeFinder_Bebop.cpp">
      <Filter>AP_RangeFinder</Filter>
    </ClCompile>
    <ClCompile Include="..\libraries\AP_RangeFinder\AP_RangeFinder_Benewake.cpp">
      <Filter>AP_RangeFinder</Filter>
    </ClCompile>
    <ClCompile Include="..\libraries\AP_RangeFinder\AP_RangeFinder_Benewake_TFMiniPlus.cpp">
      <Filter>AP_RangeFinder</Filter>
    </ClCompile>
    <ClCompile Include="..\libraries\AP_RangeFinder\AP_RangeFinder_BLPing.cpp">
      <Filter>AP_RangeFinder</Filter>
    </ClCompile>
    <ClCompile Include="..\libraries\AP_RangeFinder\AP_RangeFinder_GYUS42v2.cpp">
      <Filter>AP_RangeFinder</Filter>
    </ClCompile>
    <ClCompile Include="..\libraries\AP_RangeFinder\AP_RangeFinder_HC_SR04.cpp">
      <Filter>AP_RangeFinder</Filter>
    </ClCompile>
    <ClCompile Include="..\libraries\AP_RangeFinder\AP_RangeFinder_Lanbao.cpp">
      <Filter>AP_RangeFinder</Filter>
    </ClCompile>
    <ClCompile Include="..\libraries\AP_RangeFinder\AP_RangeFinder_LeddarOne.cpp">
      <Filter>AP_RangeFinder</Filter>
    </ClCompile>
    <ClCompile Include="..\libraries\AP_RangeFinder\AP_RangeFinder_LeddarVu8.cpp">
      <Filter>AP_RangeFinder</Filter>
    </ClCompile>
    <ClCompile Include="..\libraries\AP_RangeFinder\AP_RangeFinder_LightWareI2C.cpp">
      <Filter>AP_RangeFinder</Filter>
    </ClCompile>
    <ClCompile Include="..\libraries\AP_RangeFinder\AP_RangeFinder_LightWareSerial.cpp">
      <Filter>AP_RangeFinder</Filter>
    </ClCompile>
    <ClCompile Include="..\libraries\AP_RangeFinder\AP_RangeFinder_MAVLink.cpp">
      <Filter>AP_RangeFinder</Filter>
    </ClCompile>
    <ClCompile Include="..\libraries\AP_RangeFinder\AP_RangeFinder_MaxsonarI2CXL.cpp">
      <Filter>AP_RangeFinder</Filter>
    </ClCompile>
    <ClCompile Include="..\libraries\AP_RangeFinder\AP_RangeFinder_MaxsonarSerialLV.cpp">
      <Filter>AP_RangeFinder</Filter>
    </ClCompile>
    <ClCompile Include="..\libraries\AP_RangeFinder\AP_RangeFinder_MSP.cpp">
      <Filter>AP_RangeFinder</Filter>
    </ClCompile>
    <ClCompile Include="..\libraries\AP_RangeFinder\AP_RangeFinder_NMEA.cpp">
      <Filter>AP_RangeFinder</Filter>
    </ClCompile>
    <ClCompile Include="..\libraries\AP_RangeFinder\AP_RangeFinder_Params.cpp">
      <Filter>AP_RangeFinder</Filter>
    </ClCompile>
    <ClCompile Include="..\libraries\AP_RangeFinder\AP_RangeFinder_PulsedLightLRF.cpp">
      <Filter>AP_RangeFinder</Filter>
    </ClCompile>
    <ClCompile Include="..\libraries\AP_RangeFinder\AP_RangeFinder_PWM.cpp">
      <Filter>AP_RangeFinder</Filter>
    </ClCompile>
    <ClCompile Include="..\libraries\AP_RangeFinder\AP_RangeFinder_SITL.cpp">
      <Filter>AP_RangeFinder</Filter>
    </ClCompile>
    <ClCompile Include="..\libraries\AP_RangeFinder\AP_RangeFinder_TeraRangerI2C.cpp">
      <Filter>AP_RangeFinder</Filter>
    </ClCompile>
    <ClCompile Include="..\libraries\AP_RangeFinder\AP_RangeFinder_UAVCAN.cpp">
      <Filter>AP_RangeFinder</Filter>
    </ClCompile>
    <ClCompile Include="..\libraries\AP_RangeFinder\AP_RangeFinder_uLanding.cpp">
      <Filter>AP_RangeFinder</Filter>
    </ClCompile>
    <ClCompile Include="..\libraries\AP_RangeFinder\AP_RangeFinder_VL53L0X.cpp">
      <Filter>AP_RangeFinder</Filter>
    </ClCompile>
    <ClCompile Include="..\libraries\AP_RangeFinder\AP_RangeFinder_VL53L1X.cpp">
      <Filter>AP_RangeFinder</Filter>
    </ClCompile>
    <ClCompile Include="..\libraries\AP_RangeFinder\AP_RangeFinder_Wasp.cpp">
      <Filter>AP_RangeFinder</Filter>
    </ClCompile>
    <ClCompile Include="..\libraries\AP_Proximity\AP_Proximity.cpp">
      <Filter>AP_Proximity</Filter>
    </ClCompile>
    <ClCompile Include="..\libraries\AP_Proximity\AP_Proximity_AirSimSITL.cpp">
      <Filter>AP_Proximity</Filter>
    </ClCompile>
    <ClCompile Include="..\libraries\AP_Proximity\AP_Proximity_Backend.cpp">
      <Filter>AP_Proximity</Filter>
    </ClCompile>
    <ClCompile Include="..\libraries\AP_Proximity\AP_Proximity_Backend_Serial.cpp">
      <Filter>AP_Proximity</Filter>
    </ClCompile>
    <ClCompile Include="..\libraries\AP_Proximity\AP_Proximity_LightWareSerial.cpp">
      <Filter>AP_Proximity</Filter>
    </ClCompile>
    <ClCompile Include="..\libraries\AP_Proximity\AP_Proximity_LightWareSF40C.cpp">
      <Filter>AP_Proximity</Filter>
    </ClCompile>
    <ClCompile Include="..\libraries\AP_Proximity\AP_Proximity_LightWareSF40C_v09.cpp">
      <Filter>AP_Proximity</Filter>
    </ClCompile>
    <ClCompile Include="..\libraries\AP_Proximity\AP_Proximity_LightWareSF45B.cpp">
      <Filter>AP_Proximity</Filter>
    </ClCompile>
    <ClCompile Include="..\libraries\AP_Proximity\AP_Proximity_MAV.cpp">
      <Filter>AP_Proximity</Filter>
    </ClCompile>
    <ClCompile Include="..\libraries\AP_Proximity\AP_Proximity_MorseSITL.cpp">
      <Filter>AP_Proximity</Filter>
    </ClCompile>
    <ClCompile Include="..\libraries\AP_Proximity\AP_Proximity_RangeFinder.cpp">
      <Filter>AP_Proximity</Filter>
    </ClCompile>
    <ClCompile Include="..\libraries\AP_Proximity\AP_Proximity_RPLidarA2.cpp">
      <Filter>AP_Proximity</Filter>
    </ClCompile>
    <ClCompile Include="..\libraries\AP_Proximity\AP_Proximity_SITL.cpp">
      <Filter>AP_Proximity</Filter>
    </ClCompile>
    <ClCompile Include="..\libraries\AP_Proximity\AP_Proximity_TeraRangerTower.cpp">
      <Filter>AP_Proximity</Filter>
    </ClCompile>
    <ClCompile Include="..\libraries\AP_Proximity\AP_Proximity_TeraRangerTowerEvo.cpp">
      <Filter>AP_Proximity</Filter>
    </ClCompile>
  </ItemGroup>
  <ItemGroup>
    <ClInclude Include="..\libraries\AP_RangeFinder\AP_RangeFinder.h">
      <Filter>AP_RangeFinder</Filter>
    </ClInclude>
    <ClInclude Include="..\libraries\AP_RangeFinder\AP_RangeFinder_analog.h">
      <Filter>AP_RangeFinder</Filter>
    </ClInclude>
    <ClInclude Include="..\libraries\AP_RangeFinder\AP_RangeFinder_Backend.h">
      <Filter>AP_RangeFinder</Filter>
    </ClInclude>
    <ClInclude Include="..\libraries\AP_RangeFinder\AP_RangeFinder_Backend_Serial.h">
      <Filter>AP_RangeFinder</Filter>
    </ClInclude>
    <ClInclude Include="..\libraries\AP_RangeFinder\AP_RangeFinder_BBB_PRU.h">
      <Filter>AP_RangeFinder</Filter>
    </ClInclude>
    <ClInclude Include="..\libraries\AP_RangeFinder\AP_RangeFinder_Bebop.h">
      <Filter>AP_RangeFinder</Filter>
    </ClInclude>
    <ClInclude Include="..\libraries\AP_RangeFinder\AP_RangeFinder_Benewake.h">
      <Filter>AP_RangeFinder</Filter>
    </ClInclude>
    <ClInclude Include="..\libraries\AP_RangeFinder\AP_RangeFinder_Benewake_TF02.h">
      <Filter>AP_RangeFinder</Filter>
    </ClInclude>
    <ClInclude Include="..\libraries\AP_RangeFinder\AP_RangeFinder_Benewake_TF03.h">
      <Filter>AP_RangeFinder</Filter>
    </ClInclude>
    <ClInclude Include="..\libraries\AP_RangeFinder\AP_RangeFinder_Benewake_TFMini.h">
      <Filter>AP_RangeFinder</Filter>
    </ClInclude>
    <ClInclude Include="..\libraries\AP_RangeFinder\AP_RangeFinder_Benewake_TFMiniPlus.h">
      <Filter>AP_RangeFinder</Filter>
    </ClInclude>
    <ClInclude Include="..\libraries\AP_RangeFinder\AP_RangeFinder_BLPing.h">
      <Filter>AP_RangeFinder</Filter>
    </ClInclude>
    <ClInclude Include="..\libraries\AP_RangeFinder\AP_RangeFinder_GYUS42v2.h">
      <Filter>AP_RangeFinder</Filter>
    </ClInclude>
    <ClInclude Include="..\libraries\AP_RangeFinder\AP_RangeFinder_HC_SR04.h">
      <Filter>AP_RangeFinder</Filter>
    </ClInclude>
    <ClInclude Include="..\libraries\AP_RangeFinder\AP_RangeFinder_Lanbao.h">
      <Filter>AP_RangeFinder</Filter>
    </ClInclude>
    <ClInclude Include="..\libraries\AP_RangeFinder\AP_RangeFinder_LeddarOne.h">
      <Filter>AP_RangeFinder</Filter>
    </ClInclude>
    <ClInclude Include="..\libraries\AP_RangeFinder\AP_RangeFinder_LeddarVu8.h">
      <Filter>AP_RangeFinder</Filter>
    </ClInclude>
    <ClInclude Include="..\libraries\AP_RangeFinder\AP_RangeFinder_LightWareI2C.h">
      <Filter>AP_RangeFinder</Filter>
    </ClInclude>
    <ClInclude Include="..\libraries\AP_RangeFinder\AP_RangeFinder_LightWareSerial.h">
      <Filter>AP_RangeFinder</Filter>
    </ClInclude>
    <ClInclude Include="..\libraries\AP_RangeFinder\AP_RangeFinder_MAVLink.h">
      <Filter>AP_RangeFinder</Filter>
    </ClInclude>
    <ClInclude Include="..\libraries\AP_RangeFinder\AP_RangeFinder_MaxsonarI2CXL.h">
      <Filter>AP_RangeFinder</Filter>
    </ClInclude>
    <ClInclude Include="..\libraries\AP_RangeFinder\AP_RangeFinder_MaxsonarSerialLV.h">
      <Filter>AP_RangeFinder</Filter>
    </ClInclude>
    <ClInclude Include="..\libraries\AP_RangeFinder\AP_RangeFinder_MSP.h">
      <Filter>AP_RangeFinder</Filter>
    </ClInclude>
    <ClInclude Include="..\libraries\AP_RangeFinder\AP_RangeFinder_NMEA.h">
      <Filter>AP_RangeFinder</Filter>
    </ClInclude>
    <ClInclude Include="..\libraries\AP_RangeFinder\AP_RangeFinder_Params.h">
      <Filter>AP_RangeFinder</Filter>
    </ClInclude>
    <ClInclude Include="..\libraries\AP_RangeFinder\AP_RangeFinder_PulsedLightLRF.h">
      <Filter>AP_RangeFinder</Filter>
    </ClInclude>
    <ClInclude Include="..\libraries\AP_RangeFinder\AP_RangeFinder_PWM.h">
      <Filter>AP_RangeFinder</Filter>
    </ClInclude>
    <ClInclude Include="..\libraries\AP_RangeFinder\AP_RangeFinder_SITL.h">
      <Filter>AP_RangeFinder</Filter>
    </ClInclude>
    <ClInclude Include="..\libraries\AP_RangeFinder\AP_RangeFinder_TeraRangerI2C.h">
      <Filter>AP_RangeFinder</Filter>
    </ClInclude>
    <ClInclude Include="..\libraries\AP_RangeFinder\AP_RangeFinder_UAVCAN.h">
      <Filter>AP_RangeFinder</Filter>
    </ClInclude>
    <ClInclude Include="..\libraries\AP_RangeFinder\AP_RangeFinder_uLanding.h">
      <Filter>AP_RangeFinder</Filter>
    </ClInclude>
    <ClInclude Include="..\libraries\AP_RangeFinder\AP_RangeFinder_VL53L0X.h">
      <Filter>AP_RangeFinder</Filter>
    </ClInclude>
    <ClInclude Include="..\libraries\AP_RangeFinder\AP_RangeFinder_VL53L1X.h">
      <Filter>AP_RangeFinder</Filter>
    </ClInclude>
    <ClInclude Include="..\libraries\AP_RangeFinder\AP_RangeFinder_Wasp.h">
      <Filter>AP_RangeFinder</Filter>
    </ClInclude>
    <ClInclude Include="..\libraries\AP_Proximity\AP_Proximity.h">
      <Filter>AP_Proximity</Filter>
    </ClInclude>
    <ClInclude Include="..\libraries\AP_Proximity\AP_Proximity_AirSimSITL.h">
      <Filter>AP_Proximity</Filter>
    </ClInclude>
    <ClInclude Include="..\libraries\AP_Proximity\AP_Proximity_Backend.h">
      <Filter>AP_Proximity</Filter>
    </ClInclude>
    <ClInclude Include="..\libraries\AP_Proximity\AP_Proximity_Backend_Serial.h">
      <Filter>AP_Proximity</Filter>
    </ClInclude>
    <ClInclude Include="..\libraries\AP_Proximity\AP_Proximity_LightWareSerial.h">
      <Filter>AP_Proximity</Filter>
    </ClInclude>
    <ClInclude Include="..\libraries\AP_Proximity\AP_Proximity_LightWareSF40C.h">
      <Filter>AP_Proximity</Filter>
    </ClInclude>
    <ClInclude Include="..\libraries\AP_Proximity\AP_Proximity_LightWareSF40C_v09.h">
      <Filter>AP_Proximity</Filter>
    </ClInclude>
    <ClInclude Include="..\libraries\AP_Proximity\AP_Proximity_LightWareSF45B.h">
      <Filter>AP_Proximity</Filter>
    </ClInclude>
    <ClInclude Include="..\libraries\AP_Proximity\AP_Proximity_MAV.h">
      <Filter>AP_Proximity</Filter>
    </ClInclude>
    <ClInclude Include="..\libraries\AP_Proximity\AP_Proximity_MorseSITL.h">
      <Filter>AP_Proximity</Filter>
    </ClInclude>
    <ClInclude Include="..\libraries\AP_Proximity\AP_Proximity_RangeFinder.h">
      <Filter>AP_Proximity</Filter>
    </ClInclude>
    <ClInclude Include="..\libraries\AP_Proximity\AP_Proximity_RPLidarA2.h">
      <Filter>AP_Proximity</Filter>
    </ClInclude>
    <ClInclude Include="..\libraries\AP_Proximity\AP_Proximity_SITL.h">
      <Filter>AP_Proximity</Filter>
    </ClInclude>
    <ClInclude Include="..\libraries\AP_Proximity\AP_Proximity_TeraRangerTower.h">
      <Filter>AP_Proximity</Filter>
    </ClInclude>
    <ClInclude Include="..\libraries\AP_Proximity\AP_Proximity_TeraRangerTowerEvo.h">
      <Filter>AP_Proximity</Filter>
    </ClInclude>
  </ItemGroup>
</Project>